{
  "name": "graphql-transformer",
  "version": "0.2.0",
  "lockfileVersion": 1,
  "requires": true,
  "dependencies": {
    "@types/graphql": {
      "version": "14.0.0",
      "resolved": "https://registry.next.labs.aeb.com/repository/next.npm.group/@types/graphql/-/graphql-14.0.0.tgz",
      "integrity": "sha512-fQ61KKDKyEztu4AdZOKGBHz6h4UpDiuMJOhA8A+GsNF+mwBnTtBwVwoU/oDyRDrigB10v5gvZApNqEXyBKmYVg==",
      "dev": true
    },
    "@types/jasmine": {
      "version": "2.6.0",
      "resolved": "https://registry.npmjs.org/@types/jasmine/-/jasmine-2.6.0.tgz",
      "integrity": "sha512-1ZZdFvYA5zARDXPj5+VF0bwDZWH/o0QQWJVDc5srdC/DngcCZXskR33eR/4PielGvBjLQpQOd6KiQbmtqVkeZA==",
      "dev": true
    },
    "@types/node": {
      "version": "9.6.20",
      "resolved": "https://registry.npmjs.org/@types/node/-/node-9.6.20.tgz",
      "integrity": "sha512-mIMXUbH2MmJAQQjzFUIRpxa+FtA27IaHMrIgoJ1fyu/EfpVN/UZw3ISMNnwVec4lau8R8SM4pNFXSCZpJFX2Bw==",
      "dev": true
    },
    "acorn-node": {
      "version": "1.3.0",
      "resolved": "https://registry.npmjs.org/acorn-node/-/acorn-node-1.3.0.tgz",
      "integrity": "sha512-efP54n3d1aLfjL2UMdaXa6DsswwzJeI5rqhbFvXMrKiJ6eJFpf+7R0zN7t8IC+XKn2YOAFAv6xbBNgHUkoHWLw==",
      "dev": true,
      "requires": {
        "acorn": "^5.4.1",
        "xtend": "^4.0.1"
      },
      "dependencies": {
        "acorn": {
          "version": "5.6.2",
          "resolved": "https://registry.npmjs.org/acorn/-/acorn-5.6.2.tgz",
          "integrity": "sha512-zUzo1E5dI2Ey8+82egfnttyMlMZ2y0D8xOCO3PNPPlYXpl8NZvF6Qk9L9BEtJs+43FqEmfBViDqc5d1ckRDguw==",
          "dev": true
        }
      }
    },
    "arg": {
      "version": "4.1.0",
      "resolved": "https://registry.npmjs.org/arg/-/arg-4.1.0.tgz",
      "integrity": "sha512-ZWc51jO3qegGkVh8Hwpv636EkbesNV5ZNQPCtRa+0qytRYPEs9IYT9qITY9buezqUH5uqyzlWLcufrzU2rffdg==",
      "dev": true
    },
    "balanced-match": {
      "version": "1.0.0",
      "resolved": "https://registry.next.labs.aeb.com/repository/next.npm.group/balanced-match/-/balanced-match-1.0.0.tgz",
      "integrity": "sha1-ibTRmasr7kneFk6gK4nORi1xt2c=",
      "dev": true
    },
    "brace-expansion": {
      "version": "1.1.8",
      "resolved": "https://registry.npmjs.org/brace-expansion/-/brace-expansion-1.1.8.tgz",
      "integrity": "sha1-wHshHHyVLsH479Uad+8NHTmQopI=",
      "dev": true,
      "requires": {
        "balanced-match": "^1.0.0",
        "concat-map": "0.0.1"
      }
    },
    "buffer-from": {
      "version": "1.1.1",
      "resolved": "https://registry.npmjs.org/buffer-from/-/buffer-from-1.1.1.tgz",
      "integrity": "sha512-MQcXEUbCKtEo7bhqEs6560Hyd4XaovZlO/k9V3hjVUF/zwW7KBVdSK4gIt/bzwS9MbR5qob+F5jusZsb0YQK2A==",
      "dev": true
    },
    "builtin-modules": {
      "version": "1.1.1",
      "resolved": "https://registry.next.labs.aeb.com/repository/next.npm.group/builtin-modules/-/builtin-modules-1.1.1.tgz",
      "integrity": "sha1-Jw8HbFpywC9bZaR9+Uxf46J4iS8=",
      "dev": true
    },
    "colors": {
      "version": "1.1.2",
      "resolved": "https://registry.next.labs.aeb.com/repository/next.npm.group/colors/-/colors-1.1.2.tgz",
      "integrity": "sha1-FopHAXVran9RoSzgyXv6KMCE7WM=",
      "dev": true
    },
    "concat-map": {
      "version": "0.0.1",
      "resolved": "https://registry.next.labs.aeb.com/repository/next.npm.group/concat-map/-/concat-map-0.0.1.tgz",
      "integrity": "sha1-2Klr13/Wjfd5OnMDajug1UBdR3s=",
      "dev": true
    },
    "defined": {
      "version": "1.0.0",
      "resolved": "https://registry.next.labs.aeb.com/repository/next.npm.group/defined/-/defined-1.0.0.tgz",
      "integrity": "sha1-yY2bzvdWdBiOEQlpFRGZ45sfppM=",
      "dev": true
    },
    "dependency-check": {
      "version": "3.1.0",
      "resolved": "https://registry.npmjs.org/dependency-check/-/dependency-check-3.1.0.tgz",
      "integrity": "sha512-B9TzJNWSvHud50OJx9E1qhodVtBQTdt6pfkF/amf5qmM0B1Tc3o35ozVs0/baEYYcKRJ3pQN8DybRXiBi4Uweg==",
      "dev": true,
      "requires": {
        "builtins": "^2.0.0",
        "debug": "^3.1.0",
        "detective": "^5.0.2",
        "is-relative": "^1.0.0",
        "minimist": "^1.2.0",
        "read-package-json": "^2.0.10",
        "resolve": "^1.1.7"
      },
      "dependencies": {
        "builtins": {
          "version": "2.0.0",
          "resolved": "https://registry.npmjs.org/builtins/-/builtins-2.0.0.tgz",
          "integrity": "sha512-8srrxpDx3a950BHYcbse+xMjupHHECvQYnShkoPz2ZLhTBrk/HQO6nWMh4o4ui8YYp2ourGVYXlGqFm+UYQwmA==",
          "dev": true,
          "requires": {
            "semver": "^5.4.1"
          }
        },
        "debug": {
          "version": "3.1.0",
          "resolved": "https://registry.npmjs.org/debug/-/debug-3.1.0.tgz",
          "integrity": "sha512-OX8XqP7/1a9cqkxYw2yXss15f26NKWBpDXQd0/uK/KPqdQhxbPa994hnzjcE2VqQpDslf55723cKPUOGSmMY3g==",
          "dev": true,
          "requires": {
            "ms": "2.0.0"
          }
        },
        "detective": {
          "version": "5.1.0",
          "resolved": "https://registry.npmjs.org/detective/-/detective-5.1.0.tgz",
          "integrity": "sha512-TFHMqfOvxlgrfVzTEkNBSh9SvSNX/HfF4OFI2QFGCyPm02EsyILqnUeb5P6q7JZ3SFNTBL5t2sePRgrN4epUWQ==",
          "dev": true,
          "requires": {
            "acorn-node": "^1.3.0",
            "defined": "^1.0.0",
            "minimist": "^1.1.1"
          }
        },
        "is-relative": {
          "version": "1.0.0",
          "resolved": "https://registry.npmjs.org/is-relative/-/is-relative-1.0.0.tgz",
          "integrity": "sha512-Kw/ReK0iqwKeu0MITLFuj0jbPAmEiOsIwyIXvvbfa6QfmN9pkD1M+8pdk7Rl/dTKbH34/XBFMbgD4iMJhLQbGA==",
          "dev": true,
          "requires": {
            "is-unc-path": "^1.0.0"
          }
        },
        "is-unc-path": {
          "version": "1.0.0",
          "resolved": "https://registry.npmjs.org/is-unc-path/-/is-unc-path-1.0.0.tgz",
          "integrity": "sha512-mrGpVd0fs7WWLfVsStvgF6iEJnbjDFZh9/emhRDcGWTduTfNHd9CHeUwH3gYIjdbwo4On6hunkztwOaAw0yllQ==",
          "dev": true,
          "requires": {
            "unc-path-regex": "^0.1.2"
          }
        }
      }
    },
    "diff": {
      "version": "3.5.0",
      "resolved": "https://registry.npmjs.org/diff/-/diff-3.5.0.tgz",
      "integrity": "sha512-A46qtFgd+g7pDZinpnwiRJtxbC1hpgf0uzP3iG89scHk0AUC7A1TGxf5OiiOUv/JMZR8GOt8hL900hV0bOy5xA==",
      "dev": true
    },
    "fs.realpath": {
      "version": "1.0.0",
      "resolved": "https://registry.next.labs.aeb.com/repository/next.npm.group/fs.realpath/-/fs.realpath-1.0.0.tgz",
      "integrity": "sha1-FQStJSMVjKpA20onh8sBQRmU6k8=",
      "dev": true
    },
    "glob": {
      "version": "7.1.2",
      "resolved": "https://registry.next.labs.aeb.com/repository/next.npm.group/glob/-/glob-7.1.2.tgz",
      "integrity": "sha512-MJTUg1kjuLeQCJ+ccE4Vpa6kKVXkPYJ2mOCQyUuKLcLQsdrMCpBPUi8qVE6+YuaJkozeA9NusTAw3hLr8Xe5EQ==",
      "dev": true,
      "requires": {
        "fs.realpath": "^1.0.0",
        "inflight": "^1.0.4",
        "inherits": "2",
        "minimatch": "^3.0.4",
        "once": "^1.3.0",
        "path-is-absolute": "^1.0.0"
      }
    },
    "graceful-fs": {
      "version": "4.1.11",
      "resolved": "https://registry.next.labs.aeb.com/repository/next.npm.group/graceful-fs/-/graceful-fs-4.1.11.tgz",
      "integrity": "sha1-Dovf5NHduIVNZOBOp8AOKgJuVlg=",
      "dev": true,
      "optional": true
    },
    "graphql": {
      "version": "14.0.2",
      "resolved": "https://registry.next.labs.aeb.com/repository/next.npm.group/graphql/-/graphql-14.0.2.tgz",
      "integrity": "sha512-gUC4YYsaiSJT1h40krG3J+USGlwhzNTXSb4IOZljn9ag5Tj+RkoXrWp+Kh7WyE3t1NCfab5kzCuxBIvOMERMXw==",
      "dev": true,
      "requires": {
        "iterall": "^1.2.2"
      }
    },
    "graphql-tag": {
      "version": "2.9.2",
      "resolved": "https://registry.next.labs.aeb.com/repository/next.npm.group/graphql-tag/-/graphql-tag-2.9.2.tgz",
      "integrity": "sha512-qnNmof9pAqj/LUzs3lStP0Gw1qhdVCUS7Ab7+SUB6KD5aX1uqxWQRwMnOGTkhKuLvLNIs1TvNz+iS9kUGl1MhA==",
      "dev": true
    },
    "hosted-git-info": {
      "version": "2.5.0",
      "resolved": "https://registry.npmjs.org/hosted-git-info/-/hosted-git-info-2.5.0.tgz",
      "integrity": "sha512-pNgbURSuab90KbTqvRPsseaTxOJCZBD0a7t+haSN33piP9cCM4l0CqdzAif2hUqm716UovKB2ROmiabGAKVXyg==",
      "dev": true
    },
    "inflight": {
      "version": "1.0.6",
      "resolved": "https://registry.next.labs.aeb.com/repository/next.npm.group/inflight/-/inflight-1.0.6.tgz",
      "integrity": "sha1-Sb1jMdfQLQwJvJEKEHW6gWW1bfk=",
      "dev": true,
      "requires": {
        "once": "^1.3.0",
        "wrappy": "1"
      }
    },
    "inherits": {
      "version": "2.0.3",
      "resolved": "https://registry.next.labs.aeb.com/repository/next.npm.group/inherits/-/inherits-2.0.3.tgz",
      "integrity": "sha1-Yzwsg+PaQqUC9SRmAiSA9CCCYd4=",
      "dev": true
    },
    "is-builtin-module": {
      "version": "1.0.0",
      "resolved": "https://registry.next.labs.aeb.com/repository/next.npm.group/is-builtin-module/-/is-builtin-module-1.0.0.tgz",
      "integrity": "sha1-VAVy0096wxGfj3bDDLwbHgN6/74=",
      "dev": true,
      "requires": {
        "builtin-modules": "^1.0.0"
      }
    },
    "iterall": {
      "version": "1.2.2",
      "resolved": "https://registry.next.labs.aeb.com/repository/next.npm.group/iterall/-/iterall-1.2.2.tgz",
      "integrity": "sha512-yynBb1g+RFUPY64fTrFv7nsjRrENBQJaX2UL+2Szc9REFrSNm1rpSXHGzhmAy7a9uv3vlvgBlXnf9RqmPH1/DA==",
      "dev": true
    },
    "jasmine": {
      "version": "3.1.0",
      "resolved": "https://registry.next.labs.aeb.com/repository/next.npm.group/jasmine/-/jasmine-3.1.0.tgz",
      "integrity": "sha1-K9Wf1+xuwOistk4J9Fpo7SrRlSo=",
      "dev": true,
      "requires": {
        "glob": "^7.0.6",
        "jasmine-core": "~3.1.0"
      },
      "dependencies": {
        "jasmine-core": {
          "version": "3.1.0",
          "resolved": "https://registry.npmjs.org/jasmine-core/-/jasmine-core-3.1.0.tgz",
          "integrity": "sha1-pHheE11d9lAk38kiSVPfWFvSdmw=",
          "dev": true
        }
      }
    },
    "jasmine-promises": {
      "version": "0.4.1",
      "resolved": "https://registry.next.labs.aeb.com/repository/next.npm.group/jasmine-promises/-/jasmine-promises-0.4.1.tgz",
      "integrity": "sha1-OGtj4scU0z2bG3ra5Qd3M2bb8Ks=",
      "dev": true
    },
    "jasmine-spec-reporter": {
      "version": "4.2.1",
      "resolved": "https://registry.next.labs.aeb.com/repository/next.npm.group/jasmine-spec-reporter/-/jasmine-spec-reporter-4.2.1.tgz",
      "integrity": "sha512-FZBoZu7VE5nR7Nilzy+Np8KuVIOxF4oXDPDknehCYBDE080EnlPu0afdZNmpGDBRCUBv3mj5qgqCRmk6W/K8vg==",
      "dev": true,
      "requires": {
        "colors": "1.1.2"
      }
    },
    "json-parse-better-errors": {
      "version": "1.0.1",
      "resolved": "https://registry.npmjs.org/json-parse-better-errors/-/json-parse-better-errors-1.0.1.tgz",
      "integrity": "sha512-xyQpxeWWMKyJps9CuGJYeng6ssI5bpqS9ltQpdVQ90t4ql6NdnxFKh95JcRt2cun/DjMVNrdjniLPuMA69xmCw==",
      "dev": true
    },
    "make-error": {
      "version": "1.3.5",
      "resolved": "https://registry.npmjs.org/make-error/-/make-error-1.3.5.tgz",
      "integrity": "sha512-c3sIjNUow0+8swNwVpqoH4YCShKNFkMaw6oH1mNS2haDZQqkeZFlHS3dhoeEbKKmJB4vXpJucU6oH75aDYeE9g==",
      "dev": true
    },
    "minimatch": {
      "version": "3.0.4",
      "resolved": "https://registry.next.labs.aeb.com/repository/next.npm.group/minimatch/-/minimatch-3.0.4.tgz",
      "integrity": "sha512-yJHVQEhyqPLUTgt9B83PXu6W3rx4MvvHvSUvToogpwoGDOUQ+yDrR0HRot+yOCdCO7u4hX3pWft6kWBBcqh0UA==",
      "dev": true,
      "requires": {
        "brace-expansion": "^1.1.7"
      }
    },
    "minimist": {
      "version": "1.2.0",
      "resolved": "https://registry.next.labs.aeb.com/repository/next.npm.group/minimist/-/minimist-1.2.0.tgz",
      "integrity": "sha1-o1AIsg9BOD7sH7kU9M1d95omQoQ=",
      "dev": true
    },
    "ms": {
      "version": "2.0.0",
      "resolved": "https://registry.next.labs.aeb.com/repository/next.npm.group/ms/-/ms-2.0.0.tgz",
      "integrity": "sha1-VgiurfwAvmwpAd9fmGF4jeDVl8g=",
      "dev": true
    },
    "normalize-package-data": {
      "version": "2.4.0",
      "resolved": "https://registry.next.labs.aeb.com/repository/next.npm.group/normalize-package-data/-/normalize-package-data-2.4.0.tgz",
      "integrity": "sha512-9jjUFbTPfEy3R/ad/2oNbKtW9Hgovl5O1FvFWKkKblNXoN/Oou6+9+KKohPK13Yc3/TyunyWhJp6gvRNR/PPAw==",
      "dev": true,
      "requires": {
        "hosted-git-info": "^2.1.4",
        "is-builtin-module": "^1.0.0",
        "semver": "2 || 3 || 4 || 5",
        "validate-npm-package-license": "^3.0.1"
      }
    },
    "once": {
      "version": "1.4.0",
      "resolved": "https://registry.next.labs.aeb.com/repository/next.npm.group/once/-/once-1.4.0.tgz",
      "integrity": "sha1-WDsap3WWHUsROsF9nFC6753Xa9E=",
      "dev": true,
      "requires": {
        "wrappy": "1"
      }
    },
    "path-is-absolute": {
      "version": "1.0.1",
      "resolved": "https://registry.next.labs.aeb.com/repository/next.npm.group/path-is-absolute/-/path-is-absolute-1.0.1.tgz",
      "integrity": "sha1-F0uSaHNVNP+8es5r9TpanhtcX18=",
      "dev": true
    },
    "path-parse": {
      "version": "1.0.5",
      "resolved": "https://registry.next.labs.aeb.com/repository/next.npm.group/path-parse/-/path-parse-1.0.5.tgz",
      "integrity": "sha1-PBrfhx6pzWyUMbbqK9dKD/BVxME=",
      "dev": true
    },
    "read-package-json": {
      "version": "2.0.12",
      "resolved": "https://registry.npmjs.org/read-package-json/-/read-package-json-2.0.12.tgz",
      "integrity": "sha512-m7/I0+tP6D34EVvSlzCtuVA4D/dHL6OpLcn2e4XVP5X57pCKGUy1JjRSBVKHWpB+vUU91sL85h84qX0MdXzBSw==",
      "dev": true,
      "requires": {
        "glob": "^7.1.1",
        "graceful-fs": "^4.1.2",
        "json-parse-better-errors": "^1.0.0",
        "normalize-package-data": "^2.0.0",
        "slash": "^1.0.0"
      }
    },
    "resolve": {
      "version": "1.4.0",
      "resolved": "https://registry.npmjs.org/resolve/-/resolve-1.4.0.tgz",
      "integrity": "sha512-aW7sVKPufyHqOmyyLzg/J+8606v5nevBgaliIlV7nUpVMsDnoBGV/cbSLNjZAg9q0Cfd/+easKVKQ8vOu8fn1Q==",
      "dev": true,
      "requires": {
        "path-parse": "^1.0.5"
      }
    },
    "rimraf": {
      "version": "2.6.2",
      "resolved": "https://registry.next.labs.aeb.com/repository/next.npm.group/rimraf/-/rimraf-2.6.2.tgz",
      "integrity": "sha512-lreewLK/BlghmxtfH36YYVg1i8IAce4TI7oao75I1g245+6BctqTVQiBP3YUJ9C6DQOXJmkYR9X9fCLtCOJc5w==",
      "dev": true,
      "requires": {
        "glob": "^7.0.5"
      }
    },
    "semver": {
      "version": "5.4.1",
      "resolved": "https://registry.npmjs.org/semver/-/semver-5.4.1.tgz",
      "integrity": "sha512-WfG/X9+oATh81XtllIo/I8gOiY9EXRdv1cQdyykeXK17YcUW3EXUAi2To4pcH6nZtJPr7ZOpM5OMyWJZm+8Rsg==",
      "dev": true
    },
    "slash": {
      "version": "1.0.0",
      "resolved": "https://registry.next.labs.aeb.com/repository/next.npm.group/slash/-/slash-1.0.0.tgz",
      "integrity": "sha1-xB8vbDn8FtHNF61LXYlhFK5HDVU=",
      "dev": true
    },
    "source-map": {
      "version": "0.6.1",
      "resolved": "https://registry.npmjs.org/source-map/-/source-map-0.6.1.tgz",
      "integrity": "sha512-UjgapumWlbMhkBgzT7Ykc5YXUT46F0iKu8SGXq0bcwP5dz/h0Plj6enJqjz1Zbq2l5WaqYnrVbwWOWMyF3F47g==",
      "dev": true
    },
    "source-map-support": {
      "version": "0.5.10",
      "resolved": "https://registry.npmjs.org/source-map-support/-/source-map-support-0.5.10.tgz",
      "integrity": "sha512-YfQ3tQFTK/yzlGJuX8pTwa4tifQj4QS2Mj7UegOu8jAz59MqIiMGPXxQhVQiIMNzayuUSF/jEuVnfFF5JqybmQ==",
      "dev": true,
      "requires": {
        "buffer-from": "^1.0.0",
        "source-map": "^0.6.0"
      }
    },
    "spdx-correct": {
      "version": "1.0.2",
      "resolved": "https://registry.npmjs.org/spdx-correct/-/spdx-correct-1.0.2.tgz",
      "integrity": "sha1-SzBz2TP/UfORLwOsVRlJikFQ20A=",
      "dev": true,
      "requires": {
        "spdx-license-ids": "^1.0.2"
      }
    },
    "spdx-expression-parse": {
      "version": "1.0.4",
      "resolved": "https://registry.npmjs.org/spdx-expression-parse/-/spdx-expression-parse-1.0.4.tgz",
      "integrity": "sha1-m98vIOH0DtRH++JzJmGR/O1RYmw=",
      "dev": true
    },
    "spdx-license-ids": {
      "version": "1.2.2",
      "resolved": "https://registry.npmjs.org/spdx-license-ids/-/spdx-license-ids-1.2.2.tgz",
      "integrity": "sha1-yd96NCRZSt5r0RkA1ZZpbcBrrFc=",
      "dev": true
    },
    "ts-node": {
      "version": "8.0.3",
      "resolved": "https://registry.npmjs.org/ts-node/-/ts-node-8.0.3.tgz",
      "integrity": "sha512-2qayBA4vdtVRuDo11DEFSsD/SFsBXQBRZZhbRGSIkmYmVkWjULn/GGMdG10KVqkaGndljfaTD8dKjWgcejO8YA==",
      "dev": true,
      "requires": {
        "arg": "^4.1.0",
        "diff": "^3.1.0",
        "make-error": "^1.1.1",
        "source-map-support": "^0.5.6",
        "yn": "^3.0.0"
      }
    },
    "typescript": {
      "version": "3.0.3",
      "resolved": "https://registry.next.labs.aeb.com/repository/next.npm.group/typescript/-/typescript-3.0.3.tgz",
      "integrity": "sha512-kk80vLW9iGtjMnIv11qyxLqZm20UklzuR2tL0QAnDIygIUIemcZMxlMWudl9OOt76H3ntVzcTiddQ1/pAAJMYg==",
      "dev": true
    },
    "unc-path-regex": {
      "version": "0.1.2",
      "resolved": "https://registry.next.labs.aeb.com/repository/next.npm.group/unc-path-regex/-/unc-path-regex-0.1.2.tgz",
      "integrity": "sha1-5z3T17DXxe2G+6xrCufYxqadUPo=",
      "dev": true
    },
    "validate-npm-package-license": {
      "version": "3.0.1",
      "resolved": "https://registry.npmjs.org/validate-npm-package-license/-/validate-npm-package-license-3.0.1.tgz",
      "integrity": "sha1-KAS6vnEq0zeUWaz74kdGqywwP7w=",
      "dev": true,
      "requires": {
        "spdx-correct": "~1.0.0",
        "spdx-expression-parse": "~1.0.0"
      }
    },
    "wrappy": {
      "version": "1.0.2",
      "resolved": "https://registry.next.labs.aeb.com/repository/next.npm.group/wrappy/-/wrappy-1.0.2.tgz",
      "integrity": "sha1-tSQ9jz7BqjXxNkYFvA0QNuMKtp8=",
      "dev": true
    },
    "xtend": {
      "version": "4.0.1",
      "resolved": "https://registry.next.labs.aeb.com/repository/next.npm.group/xtend/-/xtend-4.0.1.tgz",
      "integrity": "sha1-pcbVMr5lbiPbgg77lDofBJmNY68=",
      "dev": true
    },
    "yn": {
      "version": "3.0.0",
      "resolved": "https://registry.npmjs.org/yn/-/yn-3.0.0.tgz",
      "integrity": "sha512-+Wo/p5VRfxUgBUGy2j/6KX2mj9AYJWOHuhMjMcbBFc3y54o9/4buK1ksBvuiK01C3kby8DH9lSmJdSxw+4G/2Q==",
      "dev": true
    }
  }
}
